// !$*UTF8*$!
{
	archiveVersion = 1;
	classes = {
	};
	objectVersion = 46;
	objects = {

/* Begin PBXBuildFile section */
		113D5A121A9D48FE00BAF385 /* AppDelegate.swift in Sources */ = {isa = PBXBuildFile; fileRef = 113D5A111A9D48FE00BAF385 /* AppDelegate.swift */; };
		113D5A141A9D48FE00BAF385 /* ViewController.swift in Sources */ = {isa = PBXBuildFile; fileRef = 113D5A131A9D48FE00BAF385 /* ViewController.swift */; };
		113D5A191A9D48FE00BAF385 /* Images.xcassets in Resources */ = {isa = PBXBuildFile; fileRef = 113D5A181A9D48FE00BAF385 /* Images.xcassets */; };
		113D5A281A9D48FE00BAF385 /* SwiftTestProjectTests.swift in Sources */ = {isa = PBXBuildFile; fileRef = 113D5A271A9D48FE00BAF385 /* SwiftTestProjectTests.swift */; };
		113D5A321A9D497600BAF385 /* Default-568h@2x.png in Resources */ = {isa = PBXBuildFile; fileRef = 113D5A311A9D497600BAF385 /* Default-568h@2x.png */; };
		113D5A371A9D57EB00BAF385 /* AppUIManager.swift in Sources */ = {isa = PBXBuildFile; fileRef = 113D5A361A9D57EB00BAF385 /* AppUIManager.swift */; };
		113D5A381A9D57EB00BAF385 /* AppUIManager.swift in Sources */ = {isa = PBXBuildFile; fileRef = 113D5A361A9D57EB00BAF385 /* AppUIManager.swift */; };
/* End PBXBuildFile section */

/* Begin PBXContainerItemProxy section */
		113D5A221A9D48FE00BAF385 /* PBXContainerItemProxy */ = {
			isa = PBXContainerItemProxy;
			containerPortal = 113D5A041A9D48FD00BAF385 /* Project object */;
			proxyType = 1;
			remoteGlobalIDString = 113D5A0B1A9D48FE00BAF385;
			remoteInfo = SwiftTestProject;
		};
/* End PBXContainerItemProxy section */

/* Begin PBXFileReference section */
		113D5A0C1A9D48FE00BAF385 /* SwiftTestProject.app */ = {isa = PBXFileReference; explicitFileType = wrapper.application; includeInIndex = 0; path = SwiftTestProject.app; sourceTree = BUILT_PRODUCTS_DIR; };
		113D5A101A9D48FE00BAF385 /* Info.plist */ = {isa = PBXFileReference; lastKnownFileType = text.plist.xml; path = Info.plist; sourceTree = "<group>"; };
		113D5A111A9D48FE00BAF385 /* AppDelegate.swift */ = {isa = PBXFileReference; lastKnownFileType = sourcecode.swift; path = AppDelegate.swift; sourceTree = "<group>"; };
		113D5A131A9D48FE00BAF385 /* ViewController.swift */ = {isa = PBXFileReference; lastKnownFileType = sourcecode.swift; path = ViewController.swift; sourceTree = "<group>"; };
		113D5A181A9D48FE00BAF385 /* Images.xcassets */ = {isa = PBXFileReference; lastKnownFileType = folder.assetcatalog; path = Images.xcassets; sourceTree = "<group>"; };
		113D5A211A9D48FE00BAF385 /* SwiftTestProjectTests.xctest */ = {isa = PBXFileReference; explicitFileType = wrapper.cfbundle; includeInIndex = 0; path = SwiftTestProjectTests.xctest; sourceTree = BUILT_PRODUCTS_DIR; };
		113D5A261A9D48FE00BAF385 /* Info.plist */ = {isa = PBXFileReference; lastKnownFileType = text.plist.xml; path = Info.plist; sourceTree = "<group>"; };
		113D5A271A9D48FE00BAF385 /* SwiftTestProjectTests.swift */ = {isa = PBXFileReference; lastKnownFileType = sourcecode.swift; path = SwiftTestProjectTests.swift; sourceTree = "<group>"; };
		113D5A311A9D497600BAF385 /* Default-568h@2x.png */ = {isa = PBXFileReference; lastKnownFileType = image.png; name = "Default-568h@2x.png"; path = "../Default-568h@2x.png"; sourceTree = "<group>"; };
		113D5A361A9D57EB00BAF385 /* AppUIManager.swift */ = {isa = PBXFileReference; fileEncoding = 4; lastKnownFileType = sourcecode.swift; path = AppUIManager.swift; sourceTree = "<group>"; };
/* End PBXFileReference section */

/* Begin PBXFrameworksBuildPhase section */
		113D5A091A9D48FE00BAF385 /* Frameworks */ = {
			isa = PBXFrameworksBuildPhase;
			buildActionMask = 2147483647;
			files = (
			);
			runOnlyForDeploymentPostprocessing = 0;
		};
		113D5A1E1A9D48FE00BAF385 /* Frameworks */ = {
			isa = PBXFrameworksBuildPhase;
			buildActionMask = 2147483647;
			files = (
			);
			runOnlyForDeploymentPostprocessing = 0;
		};
/* End PBXFrameworksBuildPhase section */

/* Begin PBXGroup section */
		113D5A031A9D48FD00BAF385 = {
			isa = PBXGroup;
			children = (
				113D5A0E1A9D48FE00BAF385 /* SwiftTestProject */,
				113D5A241A9D48FE00BAF385 /* SwiftTestProjectTests */,
				113D5A0D1A9D48FE00BAF385 /* Products */,
			);
			sourceTree = "<group>";
		};
		113D5A0D1A9D48FE00BAF385 /* Products */ = {
			isa = PBXGroup;
			children = (
				113D5A0C1A9D48FE00BAF385 /* SwiftTestProject.app */,
				113D5A211A9D48FE00BAF385 /* SwiftTestProjectTests.xctest */,
			);
			name = Products;
			sourceTree = "<group>";
		};
		113D5A0E1A9D48FE00BAF385 /* SwiftTestProject */ = {
			isa = PBXGroup;
			children = (
				113D5A341A9D57AB00BAF385 /* Views */,
				113D5A331A9D4A4E00BAF385 /* Resources */,
				113D5A111A9D48FE00BAF385 /* AppDelegate.swift */,
				113D5A131A9D48FE00BAF385 /* ViewController.swift */,
				113D5A181A9D48FE00BAF385 /* Images.xcassets */,
				113D5A0F1A9D48FE00BAF385 /* Supporting Files */,
			);
			path = SwiftTestProject;
			sourceTree = "<group>";
		};
		113D5A0F1A9D48FE00BAF385 /* Supporting Files */ = {
			isa = PBXGroup;
			children = (
				113D5A101A9D48FE00BAF385 /* Info.plist */,
			);
			name = "Supporting Files";
			sourceTree = "<group>";
		};
		113D5A241A9D48FE00BAF385 /* SwiftTestProjectTests */ = {
			isa = PBXGroup;
			children = (
				113D5A271A9D48FE00BAF385 /* SwiftTestProjectTests.swift */,
				113D5A251A9D48FE00BAF385 /* Supporting Files */,
			);
			path = SwiftTestProjectTests;
			sourceTree = "<group>";
		};
		113D5A251A9D48FE00BAF385 /* Supporting Files */ = {
			isa = PBXGroup;
			children = (
				113D5A261A9D48FE00BAF385 /* Info.plist */,
			);
			name = "Supporting Files";
			sourceTree = "<group>";
		};
		113D5A331A9D4A4E00BAF385 /* Resources */ = {
			isa = PBXGroup;
			children = (
				113D5A311A9D497600BAF385 /* Default-568h@2x.png */,
			);
			name = Resources;
			sourceTree = "<group>";
		};
		113D5A341A9D57AB00BAF385 /* Views */ = {
			isa = PBXGroup;
			children = (
				113D5A351A9D57B800BAF385 /* AppUI */,
			);
			name = Views;
			sourceTree = "<group>";
		};
		113D5A351A9D57B800BAF385 /* AppUI */ = {
			isa = PBXGroup;
			children = (
				113D5A361A9D57EB00BAF385 /* AppUIManager.swift */,
			);
			name = AppUI;
			sourceTree = "<group>";
		};
/* End PBXGroup section */

/* Begin PBXNativeTarget section */
		113D5A0B1A9D48FE00BAF385 /* SwiftTestProject */ = {
			isa = PBXNativeTarget;
			buildConfigurationList = 113D5A2B1A9D48FE00BAF385 /* Build configuration list for PBXNativeTarget "SwiftTestProject" */;
			buildPhases = (
				113D5A081A9D48FE00BAF385 /* Sources */,
				113D5A091A9D48FE00BAF385 /* Frameworks */,
				113D5A0A1A9D48FE00BAF385 /* Resources */,
			);
			buildRules = (
			);
			dependencies = (
			);
			name = SwiftTestProject;
			productName = SwiftTestProject;
			productReference = 113D5A0C1A9D48FE00BAF385 /* SwiftTestProject.app */;
			productType = "com.apple.product-type.application";
		};
		113D5A201A9D48FE00BAF385 /* SwiftTestProjectTests */ = {
			isa = PBXNativeTarget;
			buildConfigurationList = 113D5A2E1A9D48FE00BAF385 /* Build configuration list for PBXNativeTarget "SwiftTestProjectTests" */;
			buildPhases = (
				113D5A1D1A9D48FE00BAF385 /* Sources */,
				113D5A1E1A9D48FE00BAF385 /* Frameworks */,
				113D5A1F1A9D48FE00BAF385 /* Resources */,
			);
			buildRules = (
			);
			dependencies = (
				113D5A231A9D48FE00BAF385 /* PBXTargetDependency */,
			);
			name = SwiftTestProjectTests;
			productName = SwiftTestProjectTests;
			productReference = 113D5A211A9D48FE00BAF385 /* SwiftTestProjectTests.xctest */;
			productType = "com.apple.product-type.bundle.unit-test";
		};
/* End PBXNativeTarget section */

/* Begin PBXProject section */
		113D5A041A9D48FD00BAF385 /* Project object */ = {
			isa = PBXProject;
			attributes = {
				LastUpgradeCheck = 0610;
				ORGANIZATIONNAME = "Bijit Halder";
				TargetAttributes = {
					113D5A0B1A9D48FE00BAF385 = {
						CreatedOnToolsVersion = 6.1.1;
					};
					113D5A201A9D48FE00BAF385 = {
						CreatedOnToolsVersion = 6.1.1;
						TestTargetID = 113D5A0B1A9D48FE00BAF385;
					};
				};
			};
			buildConfigurationList = 113D5A071A9D48FD00BAF385 /* Build configuration list for PBXProject "SwiftTestProject" */;
			compatibilityVersion = "Xcode 3.2";
			developmentRegion = English;
			hasScannedForEncodings = 0;
			knownRegions = (
				en,
				Base,
			);
			mainGroup = 113D5A031A9D48FD00BAF385;
			productRefGroup = 113D5A0D1A9D48FE00BAF385 /* Products */;
			projectDirPath = "";
			projectRoot = "";
			targets = (
				113D5A0B1A9D48FE00BAF385 /* SwiftTestProject */,
				113D5A201A9D48FE00BAF385 /* SwiftTestProjectTests */,
			);
		};
/* End PBXProject section */

/* Begin PBXResourcesBuildPhase section */
		113D5A0A1A9D48FE00BAF385 /* Resources */ = {
			isa = PBXResourcesBuildPhase;
			buildActionMask = 2147483647;
			files = (
				113D5A191A9D48FE00BAF385 /* Images.xcassets in Resources */,
				113D5A321A9D497600BAF385 /* Default-568h@2x.png in Resources */,
			);
			runOnlyForDeploymentPostprocessing = 0;
		};
		113D5A1F1A9D48FE00BAF385 /* Resources */ = {
			isa = PBXResourcesBuildPhase;
			buildActionMask = 2147483647;
			files = (
			);
			runOnlyForDeploymentPostprocessing = 0;
		};
/* End PBXResourcesBuildPhase section */

/* Begin PBXSourcesBuildPhase section */
		113D5A081A9D48FE00BAF385 /* Sources */ = {
			isa = PBXSourcesBuildPhase;
			buildActionMask = 2147483647;
			files = (
				113D5A141A9D48FE00BAF385 /* ViewController.swift in Sources */,
				113D5A371A9D57EB00BAF385 /* AppUIManager.swift in Sources */,
				113D5A121A9D48FE00BAF385 /* AppDelegate.swift in Sources */,
			);
			runOnlyForDeploymentPostprocessing = 0;
		};
		113D5A1D1A9D48FE00BAF385 /* Sources */ = {
			isa = PBXSourcesBuildPhase;
			buildActionMask = 2147483647;
			files = (
				113D5A281A9D48FE00BAF385 /* SwiftTestProjectTests.swift in Sources */,
				113D5A381A9D57EB00BAF385 /* AppUIManager.swift in Sources */,
			);
			runOnlyForDeploymentPostprocessing = 0;
		};
/* End PBXSourcesBuildPhase section */

/* Begin PBXTargetDependency section */
		113D5A231A9D48FE00BAF385 /* PBXTargetDependency */ = {
			isa = PBXTargetDependency;
			target = 113D5A0B1A9D48FE00BAF385 /* SwiftTestProject */;
			targetProxy = 113D5A221A9D48FE00BAF385 /* PBXContainerItemProxy */;
		};
/* End PBXTargetDependency section */

/* Begin XCBuildConfiguration section */
		113D5A291A9D48FE00BAF385 /* Debug */ = {
			isa = XCBuildConfiguration;
			buildSettings = {
				ALWAYS_SEARCH_USER_PATHS = NO;
				CLANG_CXX_LANGUAGE_STANDARD = "gnu++0x";
				CLANG_CXX_LIBRARY = "libc++";
				CLANG_ENABLE_MODULES = YES;
				CLANG_ENABLE_OBJC_ARC = YES;
				CLANG_WARN_BOOL_CONVERSION = YES;
				CLANG_WARN_CONSTANT_CONVERSION = YES;
				CLANG_WARN_DIRECT_OBJC_ISA_USAGE = YES_ERROR;
				CLANG_WARN_EMPTY_BODY = YES;
				CLANG_WARN_ENUM_CONVERSION = YES;
				CLANG_WARN_INT_CONVERSION = YES;
				CLANG_WARN_OBJC_ROOT_CLASS = YES_ERROR;
				CLANG_WARN_UNREACHABLE_CODE = YES;
				CLANG_WARN__DUPLICATE_METHOD_MATCH = YES;
				"CODE_SIGN_IDENTITY[sdk=iphoneos*]" = "iPhone Developer";
				COPY_PHASE_STRIP = NO;
				ENABLE_STRICT_OBJC_MSGSEND = YES;
				GCC_C_LANGUAGE_STANDARD = gnu99;
				GCC_DYNAMIC_NO_PIC = NO;
				GCC_OPTIMIZATION_LEVEL = 0;
				GCC_PREPROCESSOR_DEFINITIONS = (
					"DEBUG=1",
					"$(inherited)",
				);
				GCC_SYMBOLS_PRIVATE_EXTERN = NO;
				GCC_WARN_64_TO_32_BIT_CONVERSION = YES;
				GCC_WARN_ABOUT_RETURN_TYPE = YES_ERROR;
				GCC_WARN_UNDECLARED_SELECTOR = YES;
				GCC_WARN_UNINITIALIZED_AUTOS = YES_AGGRESSIVE;
				GCC_WARN_UNUSED_FUNCTION = YES;
				GCC_WARN_UNUSED_VARIABLE = YES;
				IPHONEOS_DEPLOYMENT_TARGET = 8.1;
				MTL_ENABLE_DEBUG_INFO = YES;
				ONLY_ACTIVE_ARCH = YES;
				SDKROOT = iphoneos;
				SWIFT_OPTIMIZATION_LEVEL = "-Onone";
			};
			name = Debug;
		};
		113D5A2A1A9D48FE00BAF385 /* Release */ = {
			isa = XCBuildConfiguration;
			buildSettings = {
				ALWAYS_SEARCH_USER_PATHS = NO;
				CLANG_CXX_LANGUAGE_STANDARD = "gnu++0x";
				CLANG_CXX_LIBRARY = "libc++";
				CLANG_ENABLE_MODULES = YES;
				CLANG_ENABLE_OBJC_ARC = YES;
				CLANG_WARN_BOOL_CONVERSION = YES;
				CLANG_WARN_CONSTANT_CONVERSION = YES;
				CLANG_WARN_DIRECT_OBJC_ISA_USAGE = YES_ERROR;
				CLANG_WARN_EMPTY_BODY = YES;
				CLANG_WARN_ENUM_CONVERSION = YES;
				CLANG_WARN_INT_CONVERSION = YES;
				CLANG_WARN_OBJC_ROOT_CLASS = YES_ERROR;
				CLANG_WARN_UNREACHABLE_CODE = YES;
				CLANG_WARN__DUPLICATE_METHOD_MATCH = YES;
				"CODE_SIGN_IDENTITY[sdk=iphoneos*]" = "iPhone Developer";
				COPY_PHASE_STRIP = YES;
				ENABLE_NS_ASSERTIONS = NO;
				ENABLE_STRICT_OBJC_MSGSEND = YES;
				GCC_C_LANGUAGE_STANDARD = gnu99;
				GCC_WARN_64_TO_32_BIT_CONVERSION = YES;
				GCC_WARN_ABOUT_RETURN_TYPE = YES_ERROR;
				GCC_WARN_UNDECLARED_SELECTOR = YES;
				GCC_WARN_UNINITIALIZED_AUTOS = YES_AGGRESSIVE;
				GCC_WARN_UNUSED_FUNCTION = YES;
				GCC_WARN_UNUSED_VARIABLE = YES;
				IPHONEOS_DEPLOYMENT_TARGET = 8.1;
				MTL_ENABLE_DEBUG_INFO = NO;
				SDKROOT = iphoneos;
				VALIDATE_PRODUCT = YES;
			};
			name = Release;
		};
		113D5A2C1A9D48FE00BAF385 /* Debug */ = {
			isa = XCBuildConfiguration;
			buildSettings = {
				ASSETCATALOG_COMPILER_APPICON_NAME = AppIcon;
				INFOPLIST_FILE = SwiftTestProject/Info.plist;
				LD_RUNPATH_SEARCH_PATHS = "$(inherited) @executable_path/Frameworks";
				PRODUCT_NAME = "$(TARGET_NAME)";
			};
			name = Debug;
		};
		113D5A2D1A9D48FE00BAF385 /* Release */ = {
			isa = XCBuildConfiguration;
			buildSettings = {
				ASSETCATALOG_COMPILER_APPICON_NAME = AppIcon;
				INFOPLIST_FILE = SwiftTestProject/Info.plist;
				LD_RUNPATH_SEARCH_PATHS = "$(inherited) @executable_path/Frameworks";
				PRODUCT_NAME = "$(TARGET_NAME)";
			};
			name = Release;
		};
		113D5A2F1A9D48FE00BAF385 /* Debug */ = {
			isa = XCBuildConfiguration;
			buildSettings = {
				BUNDLE_LOADER = "$(TEST_HOST)";
				FRAMEWORK_SEARCH_PATHS = (
					"$(SDKROOT)/Developer/Library/Frameworks",
					"$(inherited)",
				);
				GCC_PREPROCESSOR_DEFINITIONS = (
					"DEBUG=1",
					"$(inherited)",
				);
				INFOPLIST_FILE = SwiftTestProjectTests/Info.plist;
				LD_RUNPATH_SEARCH_PATHS = "$(inherited) @executable_path/Frameworks @loader_path/Frameworks";
				PRODUCT_NAME = "$(TARGET_NAME)";
				TEST_HOST = "$(BUILT_PRODUCTS_DIR)/SwiftTestProject.app/SwiftTestProject";
			};
			name = Debug;
		};
		113D5A301A9D48FE00BAF385 /* Release */ = {
			isa = XCBuildConfiguration;
			buildSettings = {
				BUNDLE_LOADER = "$(TEST_HOST)";
				FRAMEWORK_SEARCH_PATHS = (
					"$(SDKROOT)/Developer/Library/Frameworks",
					"$(inherited)",
				);
				INFOPLIST_FILE = SwiftTestProjectTests/Info.plist;
				LD_RUNPATH_SEARCH_PATHS = "$(inherited) @executable_path/Frameworks @loader_path/Frameworks";
				PRODUCT_NAME = "$(TARGET_NAME)";
				TEST_HOST = "$(BUILT_PRODUCTS_DIR)/SwiftTestProject.app/SwiftTestProject";
			};
			name = Release;
		};
/* End XCBuildConfiguration section */

/* Begin XCConfigurationList section */
		113D5A071A9D48FD00BAF385 /* Build configuration list for PBXProject "SwiftTestProject" */ = {
			isa = XCConfigurationList;
			buildConfigurations = (
				113D5A291A9D48FE00BAF385 /* Debug */,
				113D5A2A1A9D48FE00BAF385 /* Release */,
			);
			defaultConfigurationIsVisible = 0;
			defaultConfigurationName = Release;
		};
		113D5A2B1A9D48FE00BAF385 /* Build configuration list for PBXNativeTarget "SwiftTestProject" */ = {
			isa = XCConfigurationList;
			buildConfigurations = (
				113D5A2C1A9D48FE00BAF385 /* Debug */,
				113D5A2D1A9D48FE00BAF385 /* Release */,
			);
			defaultConfigurationIsVisible = 0;
			defaultConfigurationName = Release;
		};
		113D5A2E1A9D48FE00BAF385 /* Build configuration list for PBXNativeTarget "SwiftTestProjectTests" */ = {
			isa = XCConfigurationList;
			buildConfigurations = (
				113D5A2F1A9D48FE00BAF385 /* Debug */,
				113D5A301A9D48FE00BAF385 /* Release */,
			);
			defaultConfigurationIsVisible = 0;
			defaultConfigurationName = Release;
		};
/* End XCConfigurationList section */
	};
	rootObject = 113D5A041A9D48FD00BAF385 /* Project object */;
}
